{
  "pins" : [
    {
      "identity" : "libpng",
      "kind" : "remoteSourceControl",
      "location" : "https://github.com/the-swift-collective/libpng.git",
      "state" : {
        "revision" : "0eff23aca92a086b7892831f5cb4f58e15be9449",
        "version" : "1.6.45"
      }
    },
    {
      "identity" : "libwebp",
      "kind" : "remoteSourceControl",
      "location" : "https://github.com/the-swift-collective/libwebp.git",
      "state" : {
        "revision" : "db004ff33aea79262ef75416110e3791576b6a78",
        "version" : "1.4.0"
      }
    },
    {
      "identity" : "zlib",
      "kind" : "remoteSourceControl",
      "location" : "https://github.com/the-swift-collective/zlib.git",
      "state" : {
        "revision" : "f1d153b90420f9fcc6ef916cd67ea96f0e68d137",
        "version" : "1.3.2"
      }
    }
  ],
  "version" : 2
}
